
Microsoft Visual Studio Solution File, Format Version 12.00
# Visual Studio Version 17
VisualStudioVersion = 17.11.35312.102
MinimumVisualStudioVersion = 10.0.40219.1
Project("{FAE04EC0-301F-11D3-BF4B-00C04F79EFBC}") = "newproject", "newproject\newproject.csproj", "{3194984C-0F22-4356-801C-0703FB4F6137}"
EndProject
Global
	GlobalSection(SolutionConfigurationPlatforms) = preSolution
		Debug|Any CPU = Debug|Any CPU
		Release|Any CPU = Release|Any CPU
	EndGlobalSection
	GlobalSection(ProjectConfigurationPlatforms) = postSolution
		{3194984C-0F22-4356-801C-0703FB4F6137}.Debug|Any CPU.ActiveCfg = Debug|Any CPU
		{3194984C-0F22-4356-801C-0703FB4F6137}.Debug|Any CPU.Build.0 = Debug|Any CPU
		{3194984C-0F22-4356-801C-0703FB4F6137}.Release|Any CPU.ActiveCfg = Release|Any CPU
		{3194984C-0F22-4356-801C-0703FB4F6137}.Release|Any CPU.Build.0 = Release|Any CPU
	EndGlobalSection
	GlobalSection(SolutionProperties) = preSolution
		HideSolutionNode = FALSE
	EndGlobalSection
	GlobalSection(ExtensibilityGlobals) = postSolution
		SolutionGuid = {87C9954B-0D49-4281-A1D6-51E4CB8CE555}
	EndGlobalSection
EndGlobal
